
Microsoft Visual Studio Solution File, Format Version 12.00
Project("{FAE04EC0-301F-11D3-BF4B-00C04F79EFBC}") = "kolWebApp", "kolWebApp.csproj", "{AF83868A-B40C-4EF5-9081-0CCAE911E750}"
EndProject
Global
	GlobalSection(SolutionConfigurationPlatforms) = preSolution
		Debug|Any CPU = Debug|Any CPU
		Release|Any CPU = Release|Any CPU
	EndGlobalSection
	GlobalSection(ProjectConfigurationPlatforms) = postSolution
		{AF83868A-B40C-4EF5-9081-0CCAE911E750}.Debug|Any CPU.ActiveCfg = Debug|Any CPU
		{AF83868A-B40C-4EF5-9081-0CCAE911E750}.Debug|Any CPU.Build.0 = Debug|Any CPU
		{AF83868A-B40C-4EF5-9081-0CCAE911E750}.Release|Any CPU.ActiveCfg = Release|Any CPU
		{AF83868A-B40C-4EF5-9081-0CCAE911E750}.Release|Any CPU.Build.0 = Release|Any CPU
	EndGlobalSection
EndGlobal
